
Microsoft Visual Studio Solution File, Format Version 12.00
# Visual Studio Version 16
VisualStudioVersion = 16.0.34114.132
MinimumVisualStudioVersion = 10.0.40219.1
Project("{FAE04EC0-301F-11D3-BF4B-00C04F79EFBC}") = "PL-Calculator", "PL-Calculator.csproj", "{A6FF12AE-E54E-4F85-978B-645C66F6C638}"
EndProject
Global
	GlobalSection(SolutionConfigurationPlatforms) = preSolution
		Debug|Any CPU = Debug|Any CPU
		Release|Any CPU = Release|Any CPU
	EndGlobalSection
	GlobalSection(ProjectConfigurationPlatforms) = postSolution
		{A6FF12AE-E54E-4F85-978B-645C66F6C638}.Debug|Any CPU.ActiveCfg = Debug|Any CPU
		{A6FF12AE-E54E-4F85-978B-645C66F6C638}.Debug|Any CPU.Build.0 = Debug|Any CPU
		{A6FF12AE-E54E-4F85-978B-645C66F6C638}.Release|Any CPU.ActiveCfg = Release|Any CPU
		{A6FF12AE-E54E-4F85-978B-645C66F6C638}.Release|Any CPU.Build.0 = Release|Any CPU
	EndGlobalSection
	GlobalSection(SolutionProperties) = preSolution
		HideSolutionNode = FALSE
	EndGlobalSection
	GlobalSection(ExtensibilityGlobals) = postSolution
		SolutionGuid = {68C21004-2218-4DD5-A690-BD151D1DE55F}
	EndGlobalSection
EndGlobal
